// !$*UTF8*$!
{
	archiveVersion = 1;
	classes = {
	};
	objectVersion = 56;
	objects = {

/* Begin PBXBuildFile section */
		5CC7C8182C05F650008680D0 /* AIAEC in Frameworks */ = {isa = PBXBuildFile; productRef = 5CC7C8172C05F650008680D0 /* AIAEC */; };
		5CC7C81A2C05F650008680D0 /* AINS in Frameworks */ = {isa = PBXBuildFile; productRef = 5CC7C8192C05F650008680D0 /* AINS */; };
		5CC7C81C2C05F650008680D0 /* AudioBeauty in Frameworks */ = {isa = PBXBuildFile; productRef = 5CC7C81B2C05F650008680D0 /* AudioBeauty */; };
		5CC7C81E2C05F650008680D0 /* ClearVision in Frameworks */ = {isa = PBXBuildFile; productRef = 5CC7C81D2C05F650008680D0 /* ClearVision */; };
		5CC7C8202C05F650008680D0 /* ContentInspect in Frameworks */ = {isa = PBXBuildFile; productRef = 5CC7C81F2C05F650008680D0 /* ContentInspect */; };
		5CC7C8222C05F650008680D0 /* FaceDetection in Frameworks */ = {isa = PBXBuildFile; productRef = 5CC7C8212C05F650008680D0 /* FaceDetection */; };
		5CC7C8242C05F650008680D0 /* ReplayKit in Frameworks */ = {isa = PBXBuildFile; productRef = 5CC7C8232C05F650008680D0 /* ReplayKit */; };
		5CC7C8262C05F650008680D0 /* RtcBasic in Frameworks */ = {isa = PBXBuildFile; productRef = 5CC7C8252C05F650008680D0 /* RtcBasic */; };
		5CC7C8282C05F650008680D0 /* SpatialAudio in Frameworks */ = {isa = PBXBuildFile; productRef = 5CC7C8272C05F650008680D0 /* SpatialAudio */; };
		5CC7C82A2C05F650008680D0 /* VQA in Frameworks */ = {isa = PBXBuildFile; productRef = 5CC7C8292C05F650008680D0 /* VQA */; };
		5CC7C82C2C05F650008680D0 /* VideoCodecDec in Frameworks */ = {isa = PBXBuildFile; productRef = 5CC7C82B2C05F650008680D0 /* VideoCodecDec */; };
		5CC7C82E2C05F650008680D0 /* VideoCodecEnc in Frameworks */ = {isa = PBXBuildFile; productRef = 5CC7C82D2C05F650008680D0 /* VideoCodecEnc */; };
		5CC7C8302C05F650008680D0 /* VirtualBackground in Frameworks */ = {isa = PBXBuildFile; productRef = 5CC7C82F2C05F650008680D0 /* VirtualBackground */; };
		F3CE7B0A2AF9284C00A13BB8 /* RealityKitContent in Frameworks */ = {isa = PBXBuildFile; productRef = F3CE7B092AF9284C00A13BB8 /* RealityKitContent */; };
		F3CE7B0C2AF9284C00A13BB8 /* Agora_VisionApp.swift in Sources */ = {isa = PBXBuildFile; fileRef = F3CE7B0B2AF9284C00A13BB8 /* Agora_VisionApp.swift */; };
		F3CE7B0E2AF9284C00A13BB8 /* ContentView.swift in Sources */ = {isa = PBXBuildFile; fileRef = F3CE7B0D2AF9284C00A13BB8 /* ContentView.swift */; };
		F3CE7B102AF9284D00A13BB8 /* Assets.xcassets in Resources */ = {isa = PBXBuildFile; fileRef = F3CE7B0F2AF9284D00A13BB8 /* Assets.xcassets */; };
		F3CE7B132AF9284D00A13BB8 /* Preview Assets.xcassets in Resources */ = {isa = PBXBuildFile; fileRef = F3CE7B122AF9284D00A13BB8 /* Preview Assets.xcassets */; };
		F3CE7B1D2B02471800A13BB8 /* AgoraVideoCanvasView.swift in Sources */ = {isa = PBXBuildFile; fileRef = F3CE7B1C2B02471800A13BB8 /* AgoraVideoCanvasView.swift */; };
		F3CE7B3C2B02476200A13BB8 /* AgoraManager.swift in Sources */ = {isa = PBXBuildFile; fileRef = F3CE7B3B2B02476200A13BB8 /* AgoraManager.swift */; };
		F3CE7B3E2B0247F800A13BB8 /* VisionVideoCallView.swift in Sources */ = {isa = PBXBuildFile; fileRef = F3CE7B3D2B0247F800A13BB8 /* VisionVideoCallView.swift */; };
/* End PBXBuildFile section */

/* Begin PBXFileReference section */
		F3CE7B042AF9284C00A13BB8 /* Agora-Vision.app */ = {isa = PBXFileReference; explicitFileType = wrapper.application; includeInIndex = 0; path = "Agora-Vision.app"; sourceTree = BUILT_PRODUCTS_DIR; };
		F3CE7B082AF9284C00A13BB8 /* RealityKitContent */ = {isa = PBXFileReference; lastKnownFileType = wrapper; path = RealityKitContent; sourceTree = "<group>"; };
		F3CE7B0B2AF9284C00A13BB8 /* Agora_VisionApp.swift */ = {isa = PBXFileReference; lastKnownFileType = sourcecode.swift; path = Agora_VisionApp.swift; sourceTree = "<group>"; };
		F3CE7B0D2AF9284C00A13BB8 /* ContentView.swift */ = {isa = PBXFileReference; lastKnownFileType = sourcecode.swift; path = ContentView.swift; sourceTree = "<group>"; };
		F3CE7B0F2AF9284D00A13BB8 /* Assets.xcassets */ = {isa = PBXFileReference; lastKnownFileType = folder.assetcatalog; path = Assets.xcassets; sourceTree = "<group>"; };
		F3CE7B122AF9284D00A13BB8 /* Preview Assets.xcassets */ = {isa = PBXFileReference; lastKnownFileType = folder.assetcatalog; path = "Preview Assets.xcassets"; sourceTree = "<group>"; };
		F3CE7B142AF9284D00A13BB8 /* Info.plist */ = {isa = PBXFileReference; lastKnownFileType = text.plist.xml; path = Info.plist; sourceTree = "<group>"; };
		F3CE7B1C2B02471800A13BB8 /* AgoraVideoCanvasView.swift */ = {isa = PBXFileReference; lastKnownFileType = sourcecode.swift; path = AgoraVideoCanvasView.swift; sourceTree = "<group>"; };
		F3CE7B3B2B02476200A13BB8 /* AgoraManager.swift */ = {isa = PBXFileReference; lastKnownFileType = sourcecode.swift; path = AgoraManager.swift; sourceTree = "<group>"; };
		F3CE7B3D2B0247F800A13BB8 /* VisionVideoCallView.swift */ = {isa = PBXFileReference; lastKnownFileType = sourcecode.swift; path = VisionVideoCallView.swift; sourceTree = "<group>"; };
/* End PBXFileReference section */

/* Begin PBXFrameworksBuildPhase section */
		F3CE7B012AF9284C00A13BB8 /* Frameworks */ = {
			isa = PBXFrameworksBuildPhase;
			buildActionMask = 2147483647;
			files = (
				5CC7C8182C05F650008680D0 /* AIAEC in Frameworks */,
				5CC7C82E2C05F650008680D0 /* VideoCodecEnc in Frameworks */,
				F3CE7B0A2AF9284C00A13BB8 /* RealityKitContent in Frameworks */,
				5CC7C82A2C05F650008680D0 /* VQA in Frameworks */,
				5CC7C8262C05F650008680D0 /* RtcBasic in Frameworks */,
				5CC7C8222C05F650008680D0 /* FaceDetection in Frameworks */,
				5CC7C81A2C05F650008680D0 /* AINS in Frameworks */,
				5CC7C82C2C05F650008680D0 /* VideoCodecDec in Frameworks */,
				5CC7C8302C05F650008680D0 /* VirtualBackground in Frameworks */,
				5CC7C81E2C05F650008680D0 /* ClearVision in Frameworks */,
				5CC7C81C2C05F650008680D0 /* AudioBeauty in Frameworks */,
				5CC7C8242C05F650008680D0 /* ReplayKit in Frameworks */,
				5CC7C8282C05F650008680D0 /* SpatialAudio in Frameworks */,
				5CC7C8202C05F650008680D0 /* ContentInspect in Frameworks */,
			);
			runOnlyForDeploymentPostprocessing = 0;
		};
/* End PBXFrameworksBuildPhase section */

/* Begin PBXGroup section */
		F3CE7AFB2AF9284C00A13BB8 = {
			isa = PBXGroup;
			children = (
				F3CE7B062AF9284C00A13BB8 /* Agora-Vision */,
				F3CE7B072AF9284C00A13BB8 /* Packages */,
				F3CE7B052AF9284C00A13BB8 /* Products */,
				F3CE7B1E2B02474C00A13BB8 /* Frameworks */,
			);
			sourceTree = "<group>";
		};
		F3CE7B052AF9284C00A13BB8 /* Products */ = {
			isa = PBXGroup;
			children = (
				F3CE7B042AF9284C00A13BB8 /* Agora-Vision.app */,
			);
			name = Products;
			sourceTree = "<group>";
		};
		F3CE7B062AF9284C00A13BB8 /* Agora-Vision */ = {
			isa = PBXGroup;
			children = (
				F3CE7B0B2AF9284C00A13BB8 /* Agora_VisionApp.swift */,
				F3CE7B0D2AF9284C00A13BB8 /* ContentView.swift */,
				F3CE7B3D2B0247F800A13BB8 /* VisionVideoCallView.swift */,
				F3CE7B1B2B0246D600A13BB8 /* SwiftUIRtc */,
				F3CE7B0F2AF9284D00A13BB8 /* Assets.xcassets */,
				F3CE7B142AF9284D00A13BB8 /* Info.plist */,
				F3CE7B112AF9284D00A13BB8 /* Preview Content */,
			);
			path = "Agora-Vision";
			sourceTree = "<group>";
		};
		F3CE7B072AF9284C00A13BB8 /* Packages */ = {
			isa = PBXGroup;
			children = (
				F3CE7B082AF9284C00A13BB8 /* RealityKitContent */,
			);
			path = Packages;
			sourceTree = "<group>";
		};
		F3CE7B112AF9284D00A13BB8 /* Preview Content */ = {
			isa = PBXGroup;
			children = (
				F3CE7B122AF9284D00A13BB8 /* Preview Assets.xcassets */,
			);
			path = "Preview Content";
			sourceTree = "<group>";
		};
		F3CE7B1B2B0246D600A13BB8 /* SwiftUIRtc */ = {
			isa = PBXGroup;
			children = (
				F3CE7B1C2B02471800A13BB8 /* AgoraVideoCanvasView.swift */,
				F3CE7B3B2B02476200A13BB8 /* AgoraManager.swift */,
			);
			path = SwiftUIRtc;
			sourceTree = "<group>";
		};
		F3CE7B1E2B02474C00A13BB8 /* Frameworks */ = {
			isa = PBXGroup;
			children = (
			);
			name = Frameworks;
			sourceTree = "<group>";
		};
/* End PBXGroup section */

/* Begin PBXNativeTarget section */
		F3CE7B032AF9284C00A13BB8 /* Agora-Vision */ = {
			isa = PBXNativeTarget;
			buildConfigurationList = F3CE7B172AF9284D00A13BB8 /* Build configuration list for PBXNativeTarget "Agora-Vision" */;
			buildPhases = (
				F3CE7B002AF9284C00A13BB8 /* Sources */,
				F3CE7B012AF9284C00A13BB8 /* Frameworks */,
				F3CE7B022AF9284C00A13BB8 /* Resources */,
			);
			buildRules = (
			);
			dependencies = (
			);
			name = "Agora-Vision";
			packageProductDependencies = (
				F3CE7B092AF9284C00A13BB8 /* RealityKitContent */,
				5CC7C8172C05F650008680D0 /* AIAEC */,
				5CC7C8192C05F650008680D0 /* AINS */,
				5CC7C81B2C05F650008680D0 /* AudioBeauty */,
				5CC7C81D2C05F650008680D0 /* ClearVision */,
				5CC7C81F2C05F650008680D0 /* ContentInspect */,
				5CC7C8212C05F650008680D0 /* FaceDetection */,
				5CC7C8232C05F650008680D0 /* ReplayKit */,
				5CC7C8252C05F650008680D0 /* RtcBasic */,
				5CC7C8272C05F650008680D0 /* SpatialAudio */,
				5CC7C8292C05F650008680D0 /* VQA */,
				5CC7C82B2C05F650008680D0 /* VideoCodecDec */,
				5CC7C82D2C05F650008680D0 /* VideoCodecEnc */,
				5CC7C82F2C05F650008680D0 /* VirtualBackground */,
			);
			productName = "Agora-Vision";
			productReference = F3CE7B042AF9284C00A13BB8 /* Agora-Vision.app */;
			productType = "com.apple.product-type.application";
		};
/* End PBXNativeTarget section */

/* Begin PBXProject section */
		F3CE7AFC2AF9284C00A13BB8 /* Project object */ = {
			isa = PBXProject;
			attributes = {
				BuildIndependentTargetsInParallel = 1;
				LastSwiftUpdateCheck = 1510;
				LastUpgradeCheck = 1510;
				TargetAttributes = {
					F3CE7B032AF9284C00A13BB8 = {
						CreatedOnToolsVersion = 15.1;
					};
				};
			};
			buildConfigurationList = F3CE7AFF2AF9284C00A13BB8 /* Build configuration list for PBXProject "Agora-Vision" */;
			compatibilityVersion = "Xcode 14.0";
			developmentRegion = en;
			hasScannedForEncodings = 0;
			knownRegions = (
				en,
				Base,
			);
			mainGroup = F3CE7AFB2AF9284C00A13BB8;
			packageReferences = (
				5CC7C8162C05F650008680D0 /* XCRemoteSwiftPackageReference "AgoraRtcEngine_iOS" */,
			);
			productRefGroup = F3CE7B052AF9284C00A13BB8 /* Products */;
			projectDirPath = "";
			projectRoot = "";
			targets = (
				F3CE7B032AF9284C00A13BB8 /* Agora-Vision */,
			);
		};
/* End PBXProject section */

/* Begin PBXResourcesBuildPhase section */
		F3CE7B022AF9284C00A13BB8 /* Resources */ = {
			isa = PBXResourcesBuildPhase;
			buildActionMask = 2147483647;
			files = (
				F3CE7B132AF9284D00A13BB8 /* Preview Assets.xcassets in Resources */,
				F3CE7B102AF9284D00A13BB8 /* Assets.xcassets in Resources */,
			);
			runOnlyForDeploymentPostprocessing = 0;
		};
/* End PBXResourcesBuildPhase section */

/* Begin PBXSourcesBuildPhase section */
		F3CE7B002AF9284C00A13BB8 /* Sources */ = {
			isa = PBXSourcesBuildPhase;
			buildActionMask = 2147483647;
			files = (
				F3CE7B0E2AF9284C00A13BB8 /* ContentView.swift in Sources */,
				F3CE7B0C2AF9284C00A13BB8 /* Agora_VisionApp.swift in Sources */,
				F3CE7B3C2B02476200A13BB8 /* AgoraManager.swift in Sources */,
				F3CE7B1D2B02471800A13BB8 /* AgoraVideoCanvasView.swift in Sources */,
				F3CE7B3E2B0247F800A13BB8 /* VisionVideoCallView.swift in Sources */,
			);
			runOnlyForDeploymentPostprocessing = 0;
		};
/* End PBXSourcesBuildPhase section */

/* Begin XCBuildConfiguration section */
		F3CE7B152AF9284D00A13BB8 /* Debug */ = {
			isa = XCBuildConfiguration;
			buildSettings = {
				ALWAYS_SEARCH_USER_PATHS = NO;
				ASSETCATALOG_COMPILER_GENERATE_SWIFT_ASSET_SYMBOL_EXTENSIONS = YES;
				CLANG_ANALYZER_NONNULL = YES;
				CLANG_ANALYZER_NUMBER_OBJECT_CONVERSION = YES_AGGRESSIVE;
				CLANG_CXX_LANGUAGE_STANDARD = "gnu++20";
				CLANG_ENABLE_MODULES = YES;
				CLANG_ENABLE_OBJC_ARC = YES;
				CLANG_ENABLE_OBJC_WEAK = YES;
				CLANG_WARN_BLOCK_CAPTURE_AUTORELEASING = YES;
				CLANG_WARN_BOOL_CONVERSION = YES;
				CLANG_WARN_COMMA = YES;
				CLANG_WARN_CONSTANT_CONVERSION = YES;
				CLANG_WARN_DEPRECATED_OBJC_IMPLEMENTATIONS = YES;
				CLANG_WARN_DIRECT_OBJC_ISA_USAGE = YES_ERROR;
				CLANG_WARN_DOCUMENTATION_COMMENTS = YES;
				CLANG_WARN_EMPTY_BODY = YES;
				CLANG_WARN_ENUM_CONVERSION = YES;
				CLANG_WARN_INFINITE_RECURSION = YES;
				CLANG_WARN_INT_CONVERSION = YES;
				CLANG_WARN_NON_LITERAL_NULL_CONVERSION = YES;
				CLANG_WARN_OBJC_IMPLICIT_RETAIN_SELF = YES;
				CLANG_WARN_OBJC_LITERAL_CONVERSION = YES;
				CLANG_WARN_OBJC_ROOT_CLASS = YES_ERROR;
				CLANG_WARN_QUOTED_INCLUDE_IN_FRAMEWORK_HEADER = YES;
				CLANG_WARN_RANGE_LOOP_ANALYSIS = YES;
				CLANG_WARN_STRICT_PROTOTYPES = YES;
				CLANG_WARN_SUSPICIOUS_MOVE = YES;
				CLANG_WARN_UNGUARDED_AVAILABILITY = YES_AGGRESSIVE;
				CLANG_WARN_UNREACHABLE_CODE = YES;
				CLANG_WARN__DUPLICATE_METHOD_MATCH = YES;
				COPY_PHASE_STRIP = NO;
				DEBUG_INFORMATION_FORMAT = dwarf;
				ENABLE_STRICT_OBJC_MSGSEND = YES;
				ENABLE_TESTABILITY = YES;
				ENABLE_USER_SCRIPT_SANDBOXING = YES;
				GCC_C_LANGUAGE_STANDARD = gnu17;
				GCC_DYNAMIC_NO_PIC = NO;
				GCC_NO_COMMON_BLOCKS = YES;
				GCC_OPTIMIZATION_LEVEL = 0;
				GCC_PREPROCESSOR_DEFINITIONS = (
					"DEBUG=1",
					"$(inherited)",
				);
				GCC_WARN_64_TO_32_BIT_CONVERSION = YES;
				GCC_WARN_ABOUT_RETURN_TYPE = YES_ERROR;
				GCC_WARN_UNDECLARED_SELECTOR = YES;
				GCC_WARN_UNINITIALIZED_AUTOS = YES_AGGRESSIVE;
				GCC_WARN_UNUSED_FUNCTION = YES;
				GCC_WARN_UNUSED_VARIABLE = YES;
				LOCALIZATION_PREFERS_STRING_CATALOGS = YES;
				MTL_ENABLE_DEBUG_INFO = INCLUDE_SOURCE;
				MTL_FAST_MATH = YES;
				ONLY_ACTIVE_ARCH = YES;
				SDKROOT = xros;
				SWIFT_ACTIVE_COMPILATION_CONDITIONS = "DEBUG $(inherited)";
				SWIFT_OPTIMIZATION_LEVEL = "-Onone";
				XROS_DEPLOYMENT_TARGET = 1.0;
			};
			name = Debug;
		};
		F3CE7B162AF9284D00A13BB8 /* Release */ = {
			isa = XCBuildConfiguration;
			buildSettings = {
				ALWAYS_SEARCH_USER_PATHS = NO;
				ASSETCATALOG_COMPILER_GENERATE_SWIFT_ASSET_SYMBOL_EXTENSIONS = YES;
				CLANG_ANALYZER_NONNULL = YES;
				CLANG_ANALYZER_NUMBER_OBJECT_CONVERSION = YES_AGGRESSIVE;
				CLANG_CXX_LANGUAGE_STANDARD = "gnu++20";
				CLANG_ENABLE_MODULES = YES;
				CLANG_ENABLE_OBJC_ARC = YES;
				CLANG_ENABLE_OBJC_WEAK = YES;
				CLANG_WARN_BLOCK_CAPTURE_AUTORELEASING = YES;
				CLANG_WARN_BOOL_CONVERSION = YES;
				CLANG_WARN_COMMA = YES;
				CLANG_WARN_CONSTANT_CONVERSION = YES;
				CLANG_WARN_DEPRECATED_OBJC_IMPLEMENTATIONS = YES;
				CLANG_WARN_DIRECT_OBJC_ISA_USAGE = YES_ERROR;
				CLANG_WARN_DOCUMENTATION_COMMENTS = YES;
				CLANG_WARN_EMPTY_BODY = YES;
				CLANG_WARN_ENUM_CONVERSION = YES;
				CLANG_WARN_INFINITE_RECURSION = YES;
				CLANG_WARN_INT_CONVERSION = YES;
				CLANG_WARN_NON_LITERAL_NULL_CONVERSION = YES;
				CLANG_WARN_OBJC_IMPLICIT_RETAIN_SELF = YES;
				CLANG_WARN_OBJC_LITERAL_CONVERSION = YES;
				CLANG_WARN_OBJC_ROOT_CLASS = YES_ERROR;
				CLANG_WARN_QUOTED_INCLUDE_IN_FRAMEWORK_HEADER = YES;
				CLANG_WARN_RANGE_LOOP_ANALYSIS = YES;
				CLANG_WARN_STRICT_PROTOTYPES = YES;
				CLANG_WARN_SUSPICIOUS_MOVE = YES;
				CLANG_WARN_UNGUARDED_AVAILABILITY = YES_AGGRESSIVE;
				CLANG_WARN_UNREACHABLE_CODE = YES;
				CLANG_WARN__DUPLICATE_METHOD_MATCH = YES;
				COPY_PHASE_STRIP = NO;
				DEBUG_INFORMATION_FORMAT = "dwarf-with-dsym";
				ENABLE_NS_ASSERTIONS = NO;
				ENABLE_STRICT_OBJC_MSGSEND = YES;
				ENABLE_USER_SCRIPT_SANDBOXING = YES;
				GCC_C_LANGUAGE_STANDARD = gnu17;
				GCC_NO_COMMON_BLOCKS = YES;
				GCC_WARN_64_TO_32_BIT_CONVERSION = YES;
				GCC_WARN_ABOUT_RETURN_TYPE = YES_ERROR;
				GCC_WARN_UNDECLARED_SELECTOR = YES;
				GCC_WARN_UNINITIALIZED_AUTOS = YES_AGGRESSIVE;
				GCC_WARN_UNUSED_FUNCTION = YES;
				GCC_WARN_UNUSED_VARIABLE = YES;
				LOCALIZATION_PREFERS_STRING_CATALOGS = YES;
				MTL_ENABLE_DEBUG_INFO = NO;
				MTL_FAST_MATH = YES;
				SDKROOT = xros;
				SWIFT_COMPILATION_MODE = wholemodule;
				VALIDATE_PRODUCT = YES;
				XROS_DEPLOYMENT_TARGET = 1.0;
			};
			name = Release;
		};
		F3CE7B182AF9284D00A13BB8 /* Debug */ = {
			isa = XCBuildConfiguration;
			buildSettings = {
				ASSETCATALOG_COMPILER_APPICON_NAME = AppIcon;
				ASSETCATALOG_COMPILER_GLOBAL_ACCENT_COLOR_NAME = AccentColor;
				CODE_SIGN_STYLE = Automatic;
				CURRENT_PROJECT_VERSION = 1;
				DEVELOPMENT_ASSET_PATHS = "\"Agora-Vision/Preview Content\"";
				DEVELOPMENT_TEAM = 5C7PJ9NG5T;
				ENABLE_PREVIEWS = YES;
				GENERATE_INFOPLIST_FILE = YES;
				INFOPLIST_FILE = "$(TARGET_NAME)/Info.plist";
				LD_RUNPATH_SEARCH_PATHS = (
					"$(inherited)",
					"@executable_path/Frameworks",
				);
				MARKETING_VERSION = 1.0;
				PRODUCT_BUNDLE_IDENTIFIER = "io.agora.Agora-Vision";
				PRODUCT_NAME = "$(TARGET_NAME)";
				SUPPORTED_PLATFORMS = "xros xrsimulator";
				SWIFT_EMIT_LOC_STRINGS = YES;
				SWIFT_VERSION = 5.0;
				TARGETED_DEVICE_FAMILY = "1,2,7";
			};
			name = Debug;
		};
		F3CE7B192AF9284D00A13BB8 /* Release */ = {
			isa = XCBuildConfiguration;
			buildSettings = {
				ASSETCATALOG_COMPILER_APPICON_NAME = AppIcon;
				ASSETCATALOG_COMPILER_GLOBAL_ACCENT_COLOR_NAME = AccentColor;
				CODE_SIGN_STYLE = Automatic;
				CURRENT_PROJECT_VERSION = 1;
				DEVELOPMENT_ASSET_PATHS = "\"Agora-Vision/Preview Content\"";
				DEVELOPMENT_TEAM = 5C7PJ9NG5T;
				ENABLE_PREVIEWS = YES;
				GENERATE_INFOPLIST_FILE = YES;
				INFOPLIST_FILE = "$(TARGET_NAME)/Info.plist";
				LD_RUNPATH_SEARCH_PATHS = (
					"$(inherited)",
					"@executable_path/Frameworks",
				);
				MARKETING_VERSION = 1.0;
				PRODUCT_BUNDLE_IDENTIFIER = "io.agora.Agora-Vision";
				PRODUCT_NAME = "$(TARGET_NAME)";
				SUPPORTED_PLATFORMS = "xros xrsimulator";
				SWIFT_EMIT_LOC_STRINGS = YES;
				SWIFT_VERSION = 5.0;
				TARGETED_DEVICE_FAMILY = "1,2,7";
			};
			name = Release;
		};
/* End XCBuildConfiguration section */

/* Begin XCConfigurationList section */
		F3CE7AFF2AF9284C00A13BB8 /* Build configuration list for PBXProject "Agora-Vision" */ = {
			isa = XCConfigurationList;
			buildConfigurations = (
				F3CE7B152AF9284D00A13BB8 /* Debug */,
				F3CE7B162AF9284D00A13BB8 /* Release */,
			);
			defaultConfigurationIsVisible = 0;
			defaultConfigurationName = Release;
		};
		F3CE7B172AF9284D00A13BB8 /* Build configuration list for PBXNativeTarget "Agora-Vision" */ = {
			isa = XCConfigurationList;
			buildConfigurations = (
				F3CE7B182AF9284D00A13BB8 /* Debug */,
				F3CE7B192AF9284D00A13BB8 /* Release */,
			);
			defaultConfigurationIsVisible = 0;
			defaultConfigurationName = Release;
		};
/* End XCConfigurationList section */

/* Begin XCRemoteSwiftPackageReference section */
		5CC7C8162C05F650008680D0 /* XCRemoteSwiftPackageReference "AgoraRtcEngine_iOS" */ = {
			isa = XCRemoteSwiftPackageReference;
			repositoryURL = "https://github.com/AgoraIO/AgoraRtcEngine_iOS.git";
			requirement = {
				branch = "vision-426";
				kind = branch;
			};
		};
/* End XCRemoteSwiftPackageReference section */

/* Begin XCSwiftPackageProductDependency section */
		5CC7C8172C05F650008680D0 /* AIAEC */ = {
			isa = XCSwiftPackageProductDependency;
			package = 5CC7C8162C05F650008680D0 /* XCRemoteSwiftPackageReference "AgoraRtcEngine_iOS" */;
			productName = AIAEC;
		};
		5CC7C8192C05F650008680D0 /* AINS */ = {
			isa = XCSwiftPackageProductDependency;
			package = 5CC7C8162C05F650008680D0 /* XCRemoteSwiftPackageReference "AgoraRtcEngine_iOS" */;
			productName = AINS;
		};
		5CC7C81B2C05F650008680D0 /* AudioBeauty */ = {
			isa = XCSwiftPackageProductDependency;
			package = 5CC7C8162C05F650008680D0 /* XCRemoteSwiftPackageReference "AgoraRtcEngine_iOS" */;
			productName = AudioBeauty;
		};
		5CC7C81D2C05F650008680D0 /* ClearVision */ = {
			isa = XCSwiftPackageProductDependency;
			package = 5CC7C8162C05F650008680D0 /* XCRemoteSwiftPackageReference "AgoraRtcEngine_iOS" */;
			productName = ClearVision;
		};
		5CC7C81F2C05F650008680D0 /* ContentInspect */ = {
			isa = XCSwiftPackageProductDependency;
			package = 5CC7C8162C05F650008680D0 /* XCRemoteSwiftPackageReference "AgoraRtcEngine_iOS" */;
			productName = ContentInspect;
		};
		5CC7C8212C05F650008680D0 /* FaceDetection */ = {
			isa = XCSwiftPackageProductDependency;
			package = 5CC7C8162C05F650008680D0 /* XCRemoteSwiftPackageReference "AgoraRtcEngine_iOS" */;
			productName = FaceDetection;
		};
		5CC7C8232C05F650008680D0 /* ReplayKit */ = {
			isa = XCSwiftPackageProductDependency;
			package = 5CC7C8162C05F650008680D0 /* XCRemoteSwiftPackageReference "AgoraRtcEngine_iOS" */;
			productName = ReplayKit;
		};
		5CC7C8252C05F650008680D0 /* RtcBasic */ = {
			isa = XCSwiftPackageProductDependency;
			package = 5CC7C8162C05F650008680D0 /* XCRemoteSwiftPackageReference "AgoraRtcEngine_iOS" */;
			productName = RtcBasic;
		};
		5CC7C8272C05F650008680D0 /* SpatialAudio */ = {
			isa = XCSwiftPackageProductDependency;
			package = 5CC7C8162C05F650008680D0 /* XCRemoteSwiftPackageReference "AgoraRtcEngine_iOS" */;
			productName = SpatialAudio;
		};
		5CC7C8292C05F650008680D0 /* VQA */ = {
			isa = XCSwiftPackageProductDependency;
			package = 5CC7C8162C05F650008680D0 /* XCRemoteSwiftPackageReference "AgoraRtcEngine_iOS" */;
			productName = VQA;
		};
		5CC7C82B2C05F650008680D0 /* VideoCodecDec */ = {
			isa = XCSwiftPackageProductDependency;
			package = 5CC7C8162C05F650008680D0 /* XCRemoteSwiftPackageReference "AgoraRtcEngine_iOS" */;
			productName = VideoCodecDec;
		};
		5CC7C82D2C05F650008680D0 /* VideoCodecEnc */ = {
			isa = XCSwiftPackageProductDependency;
			package = 5CC7C8162C05F650008680D0 /* XCRemoteSwiftPackageReference "AgoraRtcEngine_iOS" */;
			productName = VideoCodecEnc;
		};
		5CC7C82F2C05F650008680D0 /* VirtualBackground */ = {
			isa = XCSwiftPackageProductDependency;
			package = 5CC7C8162C05F650008680D0 /* XCRemoteSwiftPackageReference "AgoraRtcEngine_iOS" */;
			productName = VirtualBackground;
		};
		F3CE7B092AF9284C00A13BB8 /* RealityKitContent */ = {
			isa = XCSwiftPackageProductDependency;
			productName = RealityKitContent;
		};
/* End XCSwiftPackageProductDependency section */
	};
	rootObject = F3CE7AFC2AF9284C00A13BB8 /* Project object */;
}
